// !$*UTF8*$!
{
	archiveVersion = 1;
	classes = {
	};
	objectVersion = 50;
	objects = {

/* Begin PBXBuildFile section */
		F72977B3245B70630032636D /* AppDelegate.swift in Sources */ = {isa = PBXBuildFile; fileRef = F72977B2245B70630032636D /* AppDelegate.swift */; };
		F72977B7245B70630032636D /* ViewController.swift in Sources */ = {isa = PBXBuildFile; fileRef = F72977B6245B70630032636D /* ViewController.swift */; };
		F72977BA245B70630032636D /* Main.storyboard in Resources */ = {isa = PBXBuildFile; fileRef = F72977B8245B70630032636D /* Main.storyboard */; };
		F72977BC245B70750032636D /* Assets.xcassets in Resources */ = {isa = PBXBuildFile; fileRef = F72977BB245B70750032636D /* Assets.xcassets */; };
		F72977BF245B70750032636D /* LaunchScreen.storyboard in Resources */ = {isa = PBXBuildFile; fileRef = F72977BD245B70750032636D /* LaunchScreen.storyboard */; };
		F7442577245B744100333293 /* NetworkExtension.framework in Frameworks */ = {isa = PBXBuildFile; fileRef = F7442576245B744100333293 /* NetworkExtension.framework */; };
		F744257F245B751600333293 /* FilterControlProvider.swift in Sources */ = {isa = PBXBuildFile; fileRef = F744257E245B751600333293 /* FilterControlProvider.swift */; };
		F7442584245B751600333293 /* YouBlock.appex in Embed App Extensions */ = {isa = PBXBuildFile; fileRef = F744257C245B751600333293 /* YouBlock.appex */; settings = {ATTRIBUTES = (RemoveHeadersOnCopy, ); }; };
		F7442589245B753300333293 /* NetworkExtension.framework in Frameworks */ = {isa = PBXBuildFile; fileRef = F7442576245B744100333293 /* NetworkExtension.framework */; };
		F744258C245B753300333293 /* CFNetwork.framework in Frameworks */ = {isa = PBXBuildFile; fileRef = F744258A245B753300333293 /* CFNetwork.framework */; };
		F744258D245B753300333293 /* Network.framework in Frameworks */ = {isa = PBXBuildFile; fileRef = F744258B245B753300333293 /* Network.framework */; };
		F746D9C3246BA18200872278 /* CFNetwork.framework in Frameworks */ = {isa = PBXBuildFile; fileRef = F744258A245B753300333293 /* CFNetwork.framework */; };
		F746D9C4246BA18200872278 /* Network.framework in Frameworks */ = {isa = PBXBuildFile; fileRef = F744258B245B753300333293 /* Network.framework */; };
/* End PBXBuildFile section */

/* Begin PBXContainerItemProxy section */
		F7442582245B751600333293 /* PBXContainerItemProxy */ = {
			isa = PBXContainerItemProxy;
			containerPortal = F72977A7245B70620032636D /* Project object */;
			proxyType = 1;
			remoteGlobalIDString = F744257B245B751600333293;
			remoteInfo = YouBlock;
		};
/* End PBXContainerItemProxy section */

/* Begin PBXCopyFilesBuildPhase section */
		F7442588245B751600333293 /* Embed App Extensions */ = {
			isa = PBXCopyFilesBuildPhase;
			buildActionMask = 2147483647;
			dstPath = "";
			dstSubfolderSpec = 13;
			files = (
				F7442584245B751600333293 /* YouBlock.appex in Embed App Extensions */,
			);
			name = "Embed App Extensions";
			runOnlyForDeploymentPostprocessing = 0;
		};
/* End PBXCopyFilesBuildPhase section */

/* Begin PBXFileReference section */
		F72977AF245B70620032636D /* You Block.app */ = {isa = PBXFileReference; explicitFileType = wrapper.application; includeInIndex = 0; path = "You Block.app"; sourceTree = BUILT_PRODUCTS_DIR; };
		F72977B2245B70630032636D /* AppDelegate.swift */ = {isa = PBXFileReference; lastKnownFileType = sourcecode.swift; path = AppDelegate.swift; sourceTree = "<group>"; };
		F72977B6245B70630032636D /* ViewController.swift */ = {isa = PBXFileReference; lastKnownFileType = sourcecode.swift; path = ViewController.swift; sourceTree = "<group>"; };
		F72977B9245B70630032636D /* Base */ = {isa = PBXFileReference; lastKnownFileType = file.storyboard; name = Base; path = Base.lproj/Main.storyboard; sourceTree = "<group>"; };
		F72977BB245B70750032636D /* Assets.xcassets */ = {isa = PBXFileReference; lastKnownFileType = folder.assetcatalog; path = Assets.xcassets; sourceTree = "<group>"; };
		F72977BE245B70750032636D /* Base */ = {isa = PBXFileReference; lastKnownFileType = file.storyboard; name = Base; path = Base.lproj/LaunchScreen.storyboard; sourceTree = "<group>"; };
		F72977C0245B70750032636D /* Info.plist */ = {isa = PBXFileReference; lastKnownFileType = text.plist.xml; path = Info.plist; sourceTree = "<group>"; };
		F7442574245B744000333293 /* You Block.entitlements */ = {isa = PBXFileReference; lastKnownFileType = text.plist.entitlements; path = "You Block.entitlements"; sourceTree = "<group>"; };
		F7442576245B744100333293 /* NetworkExtension.framework */ = {isa = PBXFileReference; lastKnownFileType = wrapper.framework; name = NetworkExtension.framework; path = System/Library/Frameworks/NetworkExtension.framework; sourceTree = SDKROOT; };
		F744257C245B751600333293 /* YouBlock.appex */ = {isa = PBXFileReference; explicitFileType = "wrapper.app-extension"; includeInIndex = 0; path = YouBlock.appex; sourceTree = BUILT_PRODUCTS_DIR; };
		F744257E245B751600333293 /* FilterControlProvider.swift */ = {isa = PBXFileReference; lastKnownFileType = sourcecode.swift; path = FilterControlProvider.swift; sourceTree = "<group>"; };
		F7442580245B751600333293 /* Info.plist */ = {isa = PBXFileReference; lastKnownFileType = text.plist.xml; path = Info.plist; sourceTree = "<group>"; };
		F7442581245B751600333293 /* YouBlock.entitlements */ = {isa = PBXFileReference; lastKnownFileType = text.plist.entitlements; path = YouBlock.entitlements; sourceTree = "<group>"; };
		F744258A245B753300333293 /* CFNetwork.framework */ = {isa = PBXFileReference; lastKnownFileType = wrapper.framework; name = CFNetwork.framework; path = System/Library/Frameworks/CFNetwork.framework; sourceTree = SDKROOT; };
		F744258B245B753300333293 /* Network.framework */ = {isa = PBXFileReference; lastKnownFileType = wrapper.framework; name = Network.framework; path = System/Library/Frameworks/Network.framework; sourceTree = SDKROOT; };
/* End PBXFileReference section */

/* Begin PBXFrameworksBuildPhase section */
		F72977AC245B70620032636D /* Frameworks */ = {
			isa = PBXFrameworksBuildPhase;
			buildActionMask = 2147483647;
			files = (
				F746D9C3246BA18200872278 /* CFNetwork.framework in Frameworks */,
				F7442577245B744100333293 /* NetworkExtension.framework in Frameworks */,
				F746D9C4246BA18200872278 /* Network.framework in Frameworks */,
			);
			runOnlyForDeploymentPostprocessing = 0;
		};
		F7442579245B751600333293 /* Frameworks */ = {
			isa = PBXFrameworksBuildPhase;
			buildActionMask = 2147483647;
			files = (
				F744258C245B753300333293 /* CFNetwork.framework in Frameworks */,
				F7442589245B753300333293 /* NetworkExtension.framework in Frameworks */,
				F744258D245B753300333293 /* Network.framework in Frameworks */,
			);
			runOnlyForDeploymentPostprocessing = 0;
		};
/* End PBXFrameworksBuildPhase section */

/* Begin PBXGroup section */
		F72977A6245B70620032636D = {
			isa = PBXGroup;
			children = (
				F72977B1245B70620032636D /* You Block */,
				F744257D245B751600333293 /* YouBlock */,
				F72977B0245B70620032636D /* Products */,
				F7442575245B744100333293 /* Frameworks */,
			);
			sourceTree = "<group>";
		};
		F72977B0245B70620032636D /* Products */ = {
			isa = PBXGroup;
			children = (
				F72977AF245B70620032636D /* You Block.app */,
				F744257C245B751600333293 /* YouBlock.appex */,
			);
			name = Products;
			sourceTree = "<group>";
		};
		F72977B1245B70620032636D /* You Block */ = {
			isa = PBXGroup;
			children = (
				F7442574245B744000333293 /* You Block.entitlements */,
				F72977B2245B70630032636D /* AppDelegate.swift */,
				F72977B6245B70630032636D /* ViewController.swift */,
				F72977B8245B70630032636D /* Main.storyboard */,
				F72977BB245B70750032636D /* Assets.xcassets */,
				F72977BD245B70750032636D /* LaunchScreen.storyboard */,
				F72977C0245B70750032636D /* Info.plist */,
			);
			path = "You Block";
			sourceTree = "<group>";
		};
		F7442575245B744100333293 /* Frameworks */ = {
			isa = PBXGroup;
			children = (
				F744258A245B753300333293 /* CFNetwork.framework */,
				F744258B245B753300333293 /* Network.framework */,
				F7442576245B744100333293 /* NetworkExtension.framework */,
			);
			name = Frameworks;
			sourceTree = "<group>";
		};
		F744257D245B751600333293 /* YouBlock */ = {
			isa = PBXGroup;
			children = (
				F744257E245B751600333293 /* FilterControlProvider.swift */,
				F7442580245B751600333293 /* Info.plist */,
				F7442581245B751600333293 /* YouBlock.entitlements */,
			);
			path = YouBlock;
			sourceTree = "<group>";
		};
/* End PBXGroup section */

/* Begin PBXNativeTarget section */
		F72977AE245B70620032636D /* You Block */ = {
			isa = PBXNativeTarget;
			buildConfigurationList = F72977C3245B70750032636D /* Build configuration list for PBXNativeTarget "You Block" */;
			buildPhases = (
				F72977AB245B70620032636D /* Sources */,
				F72977AC245B70620032636D /* Frameworks */,
				F72977AD245B70620032636D /* Resources */,
				F7442588245B751600333293 /* Embed App Extensions */,
			);
			buildRules = (
			);
			dependencies = (
				F7442583245B751600333293 /* PBXTargetDependency */,
			);
			name = "You Block";
			productName = "You Block";
			productReference = F72977AF245B70620032636D /* You Block.app */;
			productType = "com.apple.product-type.application";
		};
		F744257B245B751600333293 /* YouBlock */ = {
			isa = PBXNativeTarget;
			buildConfigurationList = F7442585245B751600333293 /* Build configuration list for PBXNativeTarget "YouBlock" */;
			buildPhases = (
				F7442578245B751600333293 /* Sources */,
				F7442579245B751600333293 /* Frameworks */,
				F744257A245B751600333293 /* Resources */,
			);
			buildRules = (
			);
			dependencies = (
			);
			name = YouBlock;
			productName = YouBlock;
			productReference = F744257C245B751600333293 /* YouBlock.appex */;
			productType = "com.apple.product-type.app-extension";
		};
/* End PBXNativeTarget section */

/* Begin PBXProject section */
		F72977A7245B70620032636D /* Project object */ = {
			isa = PBXProject;
			attributes = {
				LastSwiftUpdateCheck = 1140;
				LastUpgradeCheck = 1140;
				ORGANIZATIONNAME = "Cameron Garrison";
				TargetAttributes = {
					F72977AE245B70620032636D = {
						CreatedOnToolsVersion = 11.4.1;
					};
					F744257B245B751600333293 = {
						CreatedOnToolsVersion = 11.4.1;
					};
				};
			};
			buildConfigurationList = F72977AA245B70620032636D /* Build configuration list for PBXProject "You Block" */;
			compatibilityVersion = "Xcode 9.3";
			developmentRegion = en;
			hasScannedForEncodings = 0;
			knownRegions = (
				en,
				Base,
			);
			mainGroup = F72977A6245B70620032636D;
			productRefGroup = F72977B0245B70620032636D /* Products */;
			projectDirPath = "";
			projectRoot = "";
			targets = (
				F72977AE245B70620032636D /* You Block */,
				F744257B245B751600333293 /* YouBlock */,
			);
		};
/* End PBXProject section */

/* Begin PBXResourcesBuildPhase section */
		F72977AD245B70620032636D /* Resources */ = {
			isa = PBXResourcesBuildPhase;
			buildActionMask = 2147483647;
			files = (
				F72977BF245B70750032636D /* LaunchScreen.storyboard in Resources */,
				F72977BC245B70750032636D /* Assets.xcassets in Resources */,
				F72977BA245B70630032636D /* Main.storyboard in Resources */,
			);
			runOnlyForDeploymentPostprocessing = 0;
		};
		F744257A245B751600333293 /* Resources */ = {
			isa = PBXResourcesBuildPhase;
			buildActionMask = 2147483647;
			files = (
			);
			runOnlyForDeploymentPostprocessing = 0;
		};
/* End PBXResourcesBuildPhase section */

/* Begin PBXSourcesBuildPhase section */
		F72977AB245B70620032636D /* Sources */ = {
			isa = PBXSourcesBuildPhase;
			buildActionMask = 2147483647;
			files = (
				F72977B7245B70630032636D /* ViewController.swift in Sources */,
				F72977B3245B70630032636D /* AppDelegate.swift in Sources */,
			);
			runOnlyForDeploymentPostprocessing = 0;
		};
		F7442578245B751600333293 /* Sources */ = {
			isa = PBXSourcesBuildPhase;
			buildActionMask = 2147483647;
			files = (
				F744257F245B751600333293 /* FilterControlProvider.swift in Sources */,
			);
			runOnlyForDeploymentPostprocessing = 0;
		};
/* End PBXSourcesBuildPhase section */

/* Begin PBXTargetDependency section */
		F7442583245B751600333293 /* PBXTargetDependency */ = {
			isa = PBXTargetDependency;
			target = F744257B245B751600333293 /* YouBlock */;
			targetProxy = F7442582245B751600333293 /* PBXContainerItemProxy */;
		};
/* End PBXTargetDependency section */

/* Begin PBXVariantGroup section */
		F72977B8245B70630032636D /* Main.storyboard */ = {
			isa = PBXVariantGroup;
			children = (
				F72977B9245B70630032636D /* Base */,
			);
			name = Main.storyboard;
			sourceTree = "<group>";
		};
		F72977BD245B70750032636D /* LaunchScreen.storyboard */ = {
			isa = PBXVariantGroup;
			children = (
				F72977BE245B70750032636D /* Base */,
			);
			name = LaunchScreen.storyboard;
			sourceTree = "<group>";
		};
/* End PBXVariantGroup section */

/* Begin XCBuildConfiguration section */
		F72977C1245B70750032636D /* Debug */ = {
			isa = XCBuildConfiguration;
			buildSettings = {
				ALWAYS_SEARCH_USER_PATHS = NO;
				CLANG_ANALYZER_NONNULL = YES;
				CLANG_ANALYZER_NUMBER_OBJECT_CONVERSION = YES_AGGRESSIVE;
				CLANG_CXX_LANGUAGE_STANDARD = "gnu++14";
				CLANG_CXX_LIBRARY = "libc++";
				CLANG_ENABLE_MODULES = YES;
				CLANG_ENABLE_OBJC_ARC = YES;
				CLANG_ENABLE_OBJC_WEAK = YES;
				CLANG_WARN_BLOCK_CAPTURE_AUTORELEASING = YES;
				CLANG_WARN_BOOL_CONVERSION = YES;
				CLANG_WARN_COMMA = YES;
				CLANG_WARN_CONSTANT_CONVERSION = YES;
				CLANG_WARN_DEPRECATED_OBJC_IMPLEMENTATIONS = YES;
				CLANG_WARN_DIRECT_OBJC_ISA_USAGE = YES_ERROR;
				CLANG_WARN_DOCUMENTATION_COMMENTS = YES;
				CLANG_WARN_EMPTY_BODY = YES;
				CLANG_WARN_ENUM_CONVERSION = YES;
				CLANG_WARN_INFINITE_RECURSION = YES;
				CLANG_WARN_INT_CONVERSION = YES;
				CLANG_WARN_NON_LITERAL_NULL_CONVERSION = YES;
				CLANG_WARN_OBJC_IMPLICIT_RETAIN_SELF = YES;
				CLANG_WARN_OBJC_LITERAL_CONVERSION = YES;
				CLANG_WARN_OBJC_ROOT_CLASS = YES_ERROR;
				CLANG_WARN_RANGE_LOOP_ANALYSIS = YES;
				CLANG_WARN_STRICT_PROTOTYPES = YES;
				CLANG_WARN_SUSPICIOUS_MOVE = YES;
				CLANG_WARN_UNGUARDED_AVAILABILITY = YES_AGGRESSIVE;
				CLANG_WARN_UNREACHABLE_CODE = YES;
				CLANG_WARN__DUPLICATE_METHOD_MATCH = YES;
				COPY_PHASE_STRIP = NO;
				DEBUG_INFORMATION_FORMAT = dwarf;
				ENABLE_STRICT_OBJC_MSGSEND = YES;
				ENABLE_TESTABILITY = YES;
				GCC_C_LANGUAGE_STANDARD = gnu11;
				GCC_DYNAMIC_NO_PIC = NO;
				GCC_NO_COMMON_BLOCKS = YES;
				GCC_OPTIMIZATION_LEVEL = 0;
				GCC_PREPROCESSOR_DEFINITIONS = (
					"DEBUG=1",
					"$(inherited)",
				);
				GCC_WARN_64_TO_32_BIT_CONVERSION = YES;
				GCC_WARN_ABOUT_RETURN_TYPE = YES_ERROR;
				GCC_WARN_UNDECLARED_SELECTOR = YES;
				GCC_WARN_UNINITIALIZED_AUTOS = YES_AGGRESSIVE;
				GCC_WARN_UNUSED_FUNCTION = YES;
				GCC_WARN_UNUSED_VARIABLE = YES;
				IPHONEOS_DEPLOYMENT_TARGET = 13.4;
				MTL_ENABLE_DEBUG_INFO = INCLUDE_SOURCE;
				MTL_FAST_MATH = YES;
				ONLY_ACTIVE_ARCH = YES;
				SDKROOT = iphoneos;
				SWIFT_ACTIVE_COMPILATION_CONDITIONS = DEBUG;
				SWIFT_OPTIMIZATION_LEVEL = "-Onone";
			};
			name = Debug;
		};
		F72977C2245B70750032636D /* Release */ = {
			isa = XCBuildConfiguration;
			buildSettings = {
				ALWAYS_SEARCH_USER_PATHS = NO;
				CLANG_ANALYZER_NONNULL = YES;
				CLANG_ANALYZER_NUMBER_OBJECT_CONVERSION = YES_AGGRESSIVE;
				CLANG_CXX_LANGUAGE_STANDARD = "gnu++14";
				CLANG_CXX_LIBRARY = "libc++";
				CLANG_ENABLE_MODULES = YES;
				CLANG_ENABLE_OBJC_ARC = YES;
				CLANG_ENABLE_OBJC_WEAK = YES;
				CLANG_WARN_BLOCK_CAPTURE_AUTORELEASING = YES;
				CLANG_WARN_BOOL_CONVERSION = YES;
				CLANG_WARN_COMMA = YES;
				CLANG_WARN_CONSTANT_CONVERSION = YES;
				CLANG_WARN_DEPRECATED_OBJC_IMPLEMENTATIONS = YES;
				CLANG_WARN_DIRECT_OBJC_ISA_USAGE = YES_ERROR;
				CLANG_WARN_DOCUMENTATION_COMMENTS = YES;
				CLANG_WARN_EMPTY_BODY = YES;
				CLANG_WARN_ENUM_CONVERSION = YES;
				CLANG_WARN_INFINITE_RECURSION = YES;
				CLANG_WARN_INT_CONVERSION = YES;
				CLANG_WARN_NON_LITERAL_NULL_CONVERSION = YES;
				CLANG_WARN_OBJC_IMPLICIT_RETAIN_SELF = YES;
				CLANG_WARN_OBJC_LITERAL_CONVERSION = YES;
				CLANG_WARN_OBJC_ROOT_CLASS = YES_ERROR;
				CLANG_WARN_RANGE_LOOP_ANALYSIS = YES;
				CLANG_WARN_STRICT_PROTOTYPES = YES;
				CLANG_WARN_SUSPICIOUS_MOVE = YES;
				CLANG_WARN_UNGUARDED_AVAILABILITY = YES_AGGRESSIVE;
				CLANG_WARN_UNREACHABLE_CODE = YES;
				CLANG_WARN__DUPLICATE_METHOD_MATCH = YES;
				COPY_PHASE_STRIP = NO;
				DEBUG_INFORMATION_FORMAT = "dwarf-with-dsym";
				ENABLE_NS_ASSERTIONS = NO;
				ENABLE_STRICT_OBJC_MSGSEND = YES;
				GCC_C_LANGUAGE_STANDARD = gnu11;
				GCC_NO_COMMON_BLOCKS = YES;
				GCC_WARN_64_TO_32_BIT_CONVERSION = YES;
				GCC_WARN_ABOUT_RETURN_TYPE = YES_ERROR;
				GCC_WARN_UNDECLARED_SELECTOR = YES;
				GCC_WARN_UNINITIALIZED_AUTOS = YES_AGGRESSIVE;
				GCC_WARN_UNUSED_FUNCTION = YES;
				GCC_WARN_UNUSED_VARIABLE = YES;
				IPHONEOS_DEPLOYMENT_TARGET = 13.4;
				MTL_ENABLE_DEBUG_INFO = NO;
				MTL_FAST_MATH = YES;
				SDKROOT = iphoneos;
				SWIFT_COMPILATION_MODE = wholemodule;
				SWIFT_OPTIMIZATION_LEVEL = "-O";
				VALIDATE_PRODUCT = YES;
			};
			name = Release;
		};
		F72977C4245B70750032636D /* Debug */ = {
			isa = XCBuildConfiguration;
			buildSettings = {
				ALWAYS_EMBED_SWIFT_STANDARD_LIBRARIES = YES;
				ASSETCATALOG_COMPILER_APPICON_NAME = AppIcon;
				CODE_SIGN_ENTITLEMENTS = "You Block/You Block.entitlements";
				CODE_SIGN_STYLE = Automatic;
				DEVELOPMENT_TEAM = 98JPYSAE27;
				INFOPLIST_FILE = "You Block/Info.plist";
				IPHONEOS_DEPLOYMENT_TARGET = 8.0;
				LD_RUNPATH_SEARCH_PATHS = (
					"$(inherited)",
					"@executable_path/Frameworks",
				);
				PRODUCT_BUNDLE_IDENTIFIER = "com.NotChewy1324.You-Block";
				PRODUCT_NAME = "$(TARGET_NAME)";
				SWIFT_VERSION = 5.0;
				TARGETED_DEVICE_FAMILY = "1,2";
			};
			name = Debug;
		};
		F72977C5245B70750032636D /* Release */ = {
			isa = XCBuildConfiguration;
			buildSettings = {
				ALWAYS_EMBED_SWIFT_STANDARD_LIBRARIES = YES;
				ASSETCATALOG_COMPILER_APPICON_NAME = AppIcon;
				CODE_SIGN_ENTITLEMENTS = "You Block/You Block.entitlements";
				CODE_SIGN_STYLE = Automatic;
				DEVELOPMENT_TEAM = 98JPYSAE27;
				INFOPLIST_FILE = "You Block/Info.plist";
				IPHONEOS_DEPLOYMENT_TARGET = 8.0;
				LD_RUNPATH_SEARCH_PATHS = (
					"$(inherited)",
					"@executable_path/Frameworks",
				);
				PRODUCT_BUNDLE_IDENTIFIER = "com.NotChewy1324.You-Block";
				PRODUCT_NAME = "$(TARGET_NAME)";
				SWIFT_VERSION = 5.0;
				TARGETED_DEVICE_FAMILY = "1,2";
			};
			name = Release;
		};
		F7442586245B751600333293 /* Debug */ = {
			isa = XCBuildConfiguration;
			buildSettings = {
				CODE_SIGN_ENTITLEMENTS = YouBlock/YouBlock.entitlements;
				CODE_SIGN_STYLE = Automatic;
				DEVELOPMENT_TEAM = 98JPYSAE27;
				INFOPLIST_FILE = YouBlock/Info.plist;
				IPHONEOS_DEPLOYMENT_TARGET = 10.0;
				LD_RUNPATH_SEARCH_PATHS = (
					"$(inherited)",
					"@executable_path/Frameworks",
					"@executable_path/../../Frameworks",
				);
				PRODUCT_BUNDLE_IDENTIFIER = "com.NotChewy1324.You-Block.YouBlock";
				PRODUCT_NAME = "$(TARGET_NAME)";
				SKIP_INSTALL = YES;
				SWIFT_VERSION = 5.0;
				TARGETED_DEVICE_FAMILY = "1,2";
			};
			name = Debug;
		};
		F7442587245B751600333293 /* Release */ = {
			isa = XCBuildConfiguration;
			buildSettings = {
				CODE_SIGN_ENTITLEMENTS = YouBlock/YouBlock.entitlements;
				CODE_SIGN_STYLE = Automatic;
				DEVELOPMENT_TEAM = 98JPYSAE27;
				INFOPLIST_FILE = YouBlock/Info.plist;
				IPHONEOS_DEPLOYMENT_TARGET = 10.0;
				LD_RUNPATH_SEARCH_PATHS = (
					"$(inherited)",
					"@executable_path/Frameworks",
					"@executable_path/../../Frameworks",
				);
				PRODUCT_BUNDLE_IDENTIFIER = "com.NotChewy1324.You-Block.YouBlock";
				PRODUCT_NAME = "$(TARGET_NAME)";
				SKIP_INSTALL = YES;
				SWIFT_VERSION = 5.0;
				TARGETED_DEVICE_FAMILY = "1,2";
			};
			name = Release;
		};
/* End XCBuildConfiguration section */

/* Begin XCConfigurationList section */
		F72977AA245B70620032636D /* Build configuration list for PBXProject "You Block" */ = {
			isa = XCConfigurationList;
			buildConfigurations = (
				F72977C1245B70750032636D /* Debug */,
				F72977C2245B70750032636D /* Release */,
			);
			defaultConfigurationIsVisible = 0;
			defaultConfigurationName = Release;
		};
		F72977C3245B70750032636D /* Build configuration list for PBXNativeTarget "You Block" */ = {
			isa = XCConfigurationList;
			buildConfigurations = (
				F72977C4245B70750032636D /* Debug */,
				F72977C5245B70750032636D /* Release */,
			);
			defaultConfigurationIsVisible = 0;
			defaultConfigurationName = Release;
		};
		F7442585245B751600333293 /* Build configuration list for PBXNativeTarget "YouBlock" */ = {
			isa = XCConfigurationList;
			buildConfigurations = (
				F7442586245B751600333293 /* Debug */,
				F7442587245B751600333293 /* Release */,
			);
			defaultConfigurationIsVisible = 0;
			defaultConfigurationName = Release;
		};
/* End XCConfigurationList section */
	};
	rootObject = F72977A7245B70620032636D /* Project object */;
}
